
Microsoft Visual Studio Solution File, Format Version 12.00
# Visual Studio 15
VisualStudioVersion = 15.0.26403.7
MinimumVisualStudioVersion = 10.0.40219.1
Project("{2150E333-8FDC-42A3-9474-1A3956D46DE8}") = "src", "src", "{4EE7659C-8A81-4C9A-A76C-BE7A39B71FE2}"
EndProject
Project("{2150E333-8FDC-42A3-9474-1A3956D46DE8}") = "Solution Items", "Solution Items", "{05BA95E4-343D-4030-AC04-7E45809C9911}"
EndProject
Project("{9A19103F-16F7-4668-BE54-9A1E7A4F7556}") = "OpenGameListWebApp_Chapter05_Part01", "src\OpenGameListWebApp_Chapter05_Part01\OpenGameListWebApp_Chapter05_Part01.csproj", "{9626D6B1-C1B0-4AFE-B4A2-D07EF6D15945}"
EndProject
Global
	GlobalSection(SolutionConfigurationPlatforms) = preSolution
		Debug|Any CPU = Debug|Any CPU
		Release|Any CPU = Release|Any CPU
	EndGlobalSection
	GlobalSection(ProjectConfigurationPlatforms) = postSolution
		{9626D6B1-C1B0-4AFE-B4A2-D07EF6D15945}.Debug|Any CPU.ActiveCfg = Debug|Any CPU
		{9626D6B1-C1B0-4AFE-B4A2-D07EF6D15945}.Debug|Any CPU.Build.0 = Debug|Any CPU
		{9626D6B1-C1B0-4AFE-B4A2-D07EF6D15945}.Release|Any CPU.ActiveCfg = Release|Any CPU
		{9626D6B1-C1B0-4AFE-B4A2-D07EF6D15945}.Release|Any CPU.Build.0 = Release|Any CPU
	EndGlobalSection
	GlobalSection(SolutionProperties) = preSolution
		HideSolutionNode = FALSE
	EndGlobalSection
	GlobalSection(NestedProjects) = preSolution
		{9626D6B1-C1B0-4AFE-B4A2-D07EF6D15945} = {4EE7659C-8A81-4C9A-A76C-BE7A39B71FE2}
	EndGlobalSection
EndGlobal
