
Microsoft Visual Studio Solution File, Format Version 12.00
# Visual Studio 15
VisualStudioVersion = 15.0.26403.7
MinimumVisualStudioVersion = 10.0.40219.1
Project("{2150E333-8FDC-42A3-9474-1A3956D46DE8}") = "src", "src", "{4EE7659C-8A81-4C9A-A76C-BE7A39B71FE2}"
EndProject
Project("{2150E333-8FDC-42A3-9474-1A3956D46DE8}") = "Solution Items", "Solution Items", "{05BA95E4-343D-4030-AC04-7E45809C9911}"
EndProject
Project("{9A19103F-16F7-4668-BE54-9A1E7A4F7556}") = "OpenGameListWebApp_Chapter06", "src\OpenGameListWebApp_Chapter06\OpenGameListWebApp_Chapter06.csproj", "{70B5D556-E35A-46F6-896D-1CD4E891172D}"
EndProject
Global
	GlobalSection(SolutionConfigurationPlatforms) = preSolution
		Debug|Any CPU = Debug|Any CPU
		Release|Any CPU = Release|Any CPU
	EndGlobalSection
	GlobalSection(ProjectConfigurationPlatforms) = postSolution
		{70B5D556-E35A-46F6-896D-1CD4E891172D}.Debug|Any CPU.ActiveCfg = Debug|Any CPU
		{70B5D556-E35A-46F6-896D-1CD4E891172D}.Debug|Any CPU.Build.0 = Debug|Any CPU
		{70B5D556-E35A-46F6-896D-1CD4E891172D}.Release|Any CPU.ActiveCfg = Release|Any CPU
		{70B5D556-E35A-46F6-896D-1CD4E891172D}.Release|Any CPU.Build.0 = Release|Any CPU
	EndGlobalSection
	GlobalSection(SolutionProperties) = preSolution
		HideSolutionNode = FALSE
	EndGlobalSection
	GlobalSection(NestedProjects) = preSolution
		{70B5D556-E35A-46F6-896D-1CD4E891172D} = {4EE7659C-8A81-4C9A-A76C-BE7A39B71FE2}
	EndGlobalSection
EndGlobal
